
Microsoft Visual Studio Solution File, Format Version 12.00
# Visual Studio Version 16
VisualStudioVersion = 16.0.30204.135
MinimumVisualStudioVersion = 10.0.40219.1
Project("{888888A0-9F3D-457C-B088-3A5042F75D52}") = "Sorter", "Sorter\Sorter.pyproj", "{14C35C84-CF64-4731-BF82-F3385A9434B8}"
EndProject
Global
	GlobalSection(SolutionConfigurationPlatforms) = preSolution
		Debug|Any CPU = Debug|Any CPU
		Release|Any CPU = Release|Any CPU
	EndGlobalSection
	GlobalSection(ProjectConfigurationPlatforms) = postSolution
		{14C35C84-CF64-4731-BF82-F3385A9434B8}.Debug|Any CPU.ActiveCfg = Debug|Any CPU
		{14C35C84-CF64-4731-BF82-F3385A9434B8}.Release|Any CPU.ActiveCfg = Release|Any CPU
	EndGlobalSection
	GlobalSection(SolutionProperties) = preSolution
		HideSolutionNode = FALSE
	EndGlobalSection
	GlobalSection(ExtensibilityGlobals) = postSolution
		SolutionGuid = {5640D865-F261-4411-93AC-4C2232F5861D}
	EndGlobalSection
EndGlobal
